
Microsoft Visual Studio Solution File, Format Version 12.00
# Visual Studio 15
VisualStudioVersion = 15.0.27428.2043
MinimumVisualStudioVersion = 10.0.40219.1
Project("{FAE04EC0-301F-11D3-BF4B-00C04F79EFBC}") = "ErgoMobile", "ErgoMobile\ErgoMobile.csproj", "{8A0E4074-A7F0-437B-B39C-75828C1EE2DD}"
EndProject
Global
	GlobalSection(SolutionConfigurationPlatforms) = preSolution
		Debug|Any CPU = Debug|Any CPU
		Release|Any CPU = Release|Any CPU
	EndGlobalSection
	GlobalSection(ProjectConfigurationPlatforms) = postSolution
		{8A0E4074-A7F0-437B-B39C-75828C1EE2DD}.Debug|Any CPU.ActiveCfg = Debug|Any CPU
		{8A0E4074-A7F0-437B-B39C-75828C1EE2DD}.Debug|Any CPU.Build.0 = Debug|Any CPU
		{8A0E4074-A7F0-437B-B39C-75828C1EE2DD}.Debug|Any CPU.Deploy.0 = Debug|Any CPU
		{8A0E4074-A7F0-437B-B39C-75828C1EE2DD}.Release|Any CPU.ActiveCfg = Release|Any CPU
		{8A0E4074-A7F0-437B-B39C-75828C1EE2DD}.Release|Any CPU.Build.0 = Release|Any CPU
		{8A0E4074-A7F0-437B-B39C-75828C1EE2DD}.Release|Any CPU.Deploy.0 = Release|Any CPU
	EndGlobalSection
	GlobalSection(SolutionProperties) = preSolution
		HideSolutionNode = FALSE
	EndGlobalSection
	GlobalSection(ExtensibilityGlobals) = postSolution
		SolutionGuid = {E510430F-BD2F-4001-A7DF-1E096AB75FD3}
	EndGlobalSection
EndGlobal
